# Generated by pub
# See https://dart.dev/tools/pub/glossary#lockfile
packages:
  _fe_analyzer_shared:
    dependency: transitive
    description:
      name: _fe_analyzer_shared
      sha256: "4d2a2c7f5e6db6acd2f4a7f713b308b45668c9573a11d0eda10936fb21fc5467"
      url: "https://pub.dev"
    source: hosted
    version: "14.0.0"
  analyzer:
    dependency: transitive
    description:
      name: analyzer
      sha256: "9fe5033adc3e8b19884e5ba296400be3794483acb53c2b68f8683744c9a7a9c7"
      url: "https://pub.dev"
    source: hosted
    version: "0.41.2"
  args:
    dependency: transitive
    description:
      name: args
      sha256: eef6c46b622e0494a36c5a12d10d77fb4e855501a91c1b9ef9339326e58f0596
      url: "https://pub.dev"
    source: hosted
    version: "2.4.2"
  async:
    dependency: "direct main"
    description:
      name: async
      sha256: bfe67ef28df125b7dddcea62755991f807aa39a2492a23e1550161692950bbe0
      url: "https://pub.dev"
    source: hosted
    version: "2.10.0"
  audio_service:
    dependency: "direct main"
    description:
      path: audio_service
      relative: true
    source: path
    version: "0.15.1"
  audio_session:
    dependency: "direct main"
    description:
      name: audio_session
      sha256: "23acfcfa9e828b615d5783e71c7ee6f59d73f439a4716488f84ea1d9933bb065"
      url: "https://pub.dev"
    source: hosted
    version: "0.0.11"
  boolean_selector:
    dependency: transitive
    description:
      name: boolean_selector
      sha256: "6cfb5af12253eaf2b368f07bacc5a80d1301a071c73360d746b7f2e32d762c66"
      url: "https://pub.dev"
    source: hosted
    version: "2.1.1"
  build:
    dependency: transitive
    description:
      name: build
      sha256: e2cb6d6becb0ee2e3adfdecf4f1c4016bcfed589a3e5f6a4afff7384cf6c25c4
      url: "https://pub.dev"
    source: hosted
    version: "1.6.2"
  build_config:
    dependency: transitive
    description:
      name: build_config
      sha256: edd0f55c5af49a408311330cc84b213acc7491a85d6f2f890e503ffe00290176
      url: "https://pub.dev"
    source: hosted
    version: "0.4.6"
  build_daemon:
    dependency: transitive
    description:
      name: build_daemon
      sha256: "02d9e94f2b7f6e4de0f0cd24dc9e2cd0c00fec082265ca89d3b32282cb7381bc"
      url: "https://pub.dev"
    source: hosted
    version: "2.1.10"
  build_resolvers:
    dependency: transitive
    description:
      name: build_resolvers
      sha256: f11143f4a009ba43e4acb2bb78e72bf8cee8950bb102bd2a9141b0bab5332143
      url: "https://pub.dev"
    source: hosted
    version: "1.5.3"
  build_runner:
    dependency: "direct dev"
    description:
      name: build_runner
      sha256: ca5125809b70a5e5e1c998cc50c7653be15440c34a083e5e90790831494d629d
      url: "https://pub.dev"
    source: hosted
    version: "1.11.5"
  build_runner_core:
    dependency: transitive
    description:
      name: build_runner_core
      sha256: "9bb5050cae4369a0506504ee4be67da737fea55ff7104021d6871d85db06d501"
      url: "https://pub.dev"
    source: hosted
    version: "6.1.10"
  built_collection:
    dependency: transitive
    description:
      name: built_collection
      sha256: "376e3dd27b51ea877c28d525560790aee2e6fbb5f20e2f85d5081027d94e2100"
      url: "https://pub.dev"
    source: hosted
    version: "5.1.1"
  built_value:
    dependency: transitive
    description:
      name: built_value
      sha256: "69acb7007eb2a31dc901512bfe0f7b767168be34cb734835d54c070bfa74c1b2"
      url: "https://pub.dev"
    source: hosted
    version: "8.8.0"
  cached_network_image:
    dependency: "direct main"
    description:
      name: cached_network_image
      sha256: d96e0dddff86e63c8304f6fdf5b30a94a605f82bb41dd7b497b519806b8acbaf
      url: "https://pub.dev"
    source: hosted
    version: "2.3.3"
  characters:
    dependency: transitive
    description:
      name: characters
      sha256: e6a326c8af69605aec75ed6c187d06b349707a27fbff8222ca9cc2cff167975c
      url: "https://pub.dev"
    source: hosted
    version: "1.2.1"
  charcode:
    dependency: transitive
    description:
      name: charcode
      sha256: fb98c0f6d12c920a02ee2d998da788bca066ca5f148492b7085ee23372b12306
      url: "https://pub.dev"
    source: hosted
    version: "1.3.1"
  checked_yaml:
    dependency: transitive
    description:
      name: checked_yaml
      sha256: d051b31d88264beeeef1fa971f19d9a1d614b157bc60dad5b3b360f996e48656
      url: "https://pub.dev"
    source: hosted
    version: "1.0.4"
  cli_util:
    dependency: transitive
    description:
      name: cli_util
      sha256: "66f86e916d285c1a93d3b79587d94bd71984a66aac4ff74e524cfa7877f1395c"
      url: "https://pub.dev"
    source: hosted
    version: "0.3.5"
  clipboard:
    dependency: "direct main"
    description:
      name: clipboard
      sha256: "2ec38f0e59878008ceca0ab122e4bfde98847f88ef0f83331362ba4521f565a9"
      url: "https://pub.dev"
    source: hosted
    version: "0.1.3"
  clock:
    dependency: transitive
    description:
      name: clock
      sha256: cb6d7f03e1de671e34607e909a7213e31d7752be4fb66a86d29fe1eb14bfb5cf
      url: "https://pub.dev"
    source: hosted
    version: "1.1.1"
  code_builder:
    dependency: transitive
    description:
      name: code_builder
      sha256: "48ae73ba8dbf1923de91e0fd65736148f63f6c6fb0925bdda05c1df0298c55e1"
      url: "https://pub.dev"
    source: hosted
    version: "3.7.0"
  collection:
    dependency: "direct main"
    description:
      name: collection
      sha256: cfc915e6923fe5ce6e153b0723c753045de46de1b4d63771530504004a45fae0
      url: "https://pub.dev"
    source: hosted
    version: "1.17.0"
  connectivity:
    dependency: "direct main"
    description:
      name: connectivity
      sha256: a8e91263cf3e25fb5cc95e19dfde4999e32a648ac3b9e8a558a28165731678f8
      url: "https://pub.dev"
    source: hosted
    version: "3.0.6"
  connectivity_for_web:
    dependency: transitive
    description:
      name: connectivity_for_web
      sha256: "01a390c1d5adc2ed1fa1f52d120c07fe9fd01166a93f965a832fd6cfc0ea6482"
      url: "https://pub.dev"
    source: hosted
    version: "0.4.0+1"
  connectivity_macos:
    dependency: transitive
    description:
      name: connectivity_macos
      sha256: "51ae08d5162eca9669b9d8951ed83ce19c5355a81149f94e4dee2740beb93628"
      url: "https://pub.dev"
    source: hosted
    version: "0.2.1+2"
  connectivity_platform_interface:
    dependency: transitive
    description:
      name: connectivity_platform_interface
      sha256: c4fad9d255bfd15280f7a26d64e696f5a57906772b8003f622a2fd11570fd2a4
      url: "https://pub.dev"
    source: hosted
    version: "2.0.0"
  convert:
    dependency: transitive
    description:
      name: convert
      sha256: "3fa83bc417e26f1d55814443a603747d48e3cdf55b2f4fea27dea8e9224dcefd"
      url: "https://pub.dev"
    source: hosted
    version: "2.1.1"
  cookie_jar:
    dependency: "direct main"
    description:
      name: cookie_jar
      sha256: "253920541bf248e4eda6eac5df6aa00c19c183e1fe333629925d8df666a27815"
      url: "https://pub.dev"
    source: hosted
    version: "4.0.1"
  country_pickers:
    dependency: "direct main"
    description:
      name: country_pickers
      sha256: a71df4a061b25f07b202a881c43a057edc842a30b3410d511382103c68afebc2
      url: "https://pub.dev"
    source: hosted
    version: "2.0.0"
  crypto:
    dependency: "direct main"
    description:
      name: crypto
      sha256: "3ce628f3c6a7144be6c524dbb20ca5af52fa59c850c587bf5e52cd70ece8e7e8"
      url: "https://pub.dev"
    source: hosted
    version: "2.1.5"
  csslib:
    dependency: transitive
    description:
      name: csslib
      sha256: "706b5707578e0c1b4b7550f64078f0a0f19dec3f50a178ffae7006b0a9ca58fb"
      url: "https://pub.dev"
    source: hosted
    version: "1.0.0"
  custom_navigator:
    dependency: "direct main"
    description:
      path: "."
      ref: HEAD
      resolved-ref: "84bc85880abaa0d4a0f37098c9e6f4bd58b19b0a"
      url: "https://github.com/kjawadDeveloper/Custom-navigator.git"
    source: git
    version: "0.2.0"
  dart_style:
    dependency: transitive
    description:
      name: dart_style
      sha256: d54208b00d826e28e7c94be1a7e06312c3f58587424ad00616569ab09106c5a0
      url: "https://pub.dev"
    source: hosted
    version: "1.3.12"
  dio:
    dependency: transitive
    description:
      name: dio
      sha256: "11979099d9ea182d74b6734340704d628b99c7a8316f9edd7718a297d1bcdd27"
      url: "https://pub.dev"
    source: hosted
    version: "3.0.10"
  disk_space:
    dependency: "direct main"
    description:
      name: disk_space
      sha256: fb27eb2d09ac04784f45b95b1355538b2355c76a081eeaa8439d1a5cfa263888
      url: "https://pub.dev"
    source: hosted
    version: "0.2.1"
  draggable_scrollbar:
    dependency: "direct main"
    description:
      name: draggable_scrollbar
      sha256: a906e27fc1ee056e2942d66989dd0cb5b70a361e7d44af566cfa1b584054eac3
      url: "https://pub.dev"
    source: hosted
    version: "0.1.0"
  equalizer:
    dependency: "direct main"
    description:
      name: equalizer
      sha256: "6b71c10d4006bfe06b894ed5473f15f29e6c31f7d6e036216e35d041692786fd"
      url: "https://pub.dev"
    source: hosted
    version: "0.0.2+2"
  equatable:
    dependency: transitive
    description:
      name: equatable
      sha256: c2b87cb7756efdf69892005af546c56c0b5037f54d2a88269b4f347a505e3ca2
      url: "https://pub.dev"
    source: hosted
    version: "2.0.5"
  ext_storage:
    dependency: "direct main"
    description:
      name: ext_storage
      sha256: "999a694721574eb8f0c8b32d1a9139c2e86adb3eaa4bbb89501375bb40b62972"
      url: "https://pub.dev"
    source: hosted
    version: "1.0.3"
  extended_math:
    dependency: "direct main"
    description:
      name: extended_math
      sha256: "0bfd36638e489a61321e802357b84418a109ee37a69a0ad66700f2a0aa406a58"
      url: "https://pub.dev"
    source: hosted
    version: "0.0.29+1"
  fading_edge_scrollview:
    dependency: transitive
    description:
      name: fading_edge_scrollview
      sha256: c25c2231652ce774cc31824d0112f11f653881f43d7f5302c05af11942052031
      url: "https://pub.dev"
    source: hosted
    version: "3.0.0"
  fake_async:
    dependency: transitive
    description:
      name: fake_async
      sha256: "511392330127add0b769b75a987850d136345d9227c6b94c96a04cf4a391bf78"
      url: "https://pub.dev"
    source: hosted
    version: "1.3.1"
  ffi:
    dependency: transitive
    description:
      name: ffi
      sha256: ed5337a5660c506388a9f012be0288fb38b49020ce2b45fe1f8b8323fe429f99
      url: "https://pub.dev"
    source: hosted
    version: "2.0.2"
  file:
    dependency: transitive
    description:
      name: file
      sha256: "1b92bec4fc2a72f59a8e15af5f52cd441e4a7860b49499d69dfa817af20e925d"
      url: "https://pub.dev"
    source: hosted
    version: "6.1.4"
  filesize:
    dependency: "direct main"
    description:
      name: filesize
      sha256: f53df1f27ff60e466eefcd9df239e02d4722d5e2debee92a87dfd99ac66de2af
      url: "https://pub.dev"
    source: hosted
    version: "2.0.1"
  fixnum:
    dependency: transitive
    description:
      name: fixnum
      sha256: "25517a4deb0c03aa0f32fd12db525856438902d9c16536311e76cdc57b31d7d1"
      url: "https://pub.dev"
    source: hosted
    version: "1.1.0"
  flutter:
    dependency: "direct main"
    description: flutter
    source: sdk
    version: "0.0.0"
  flutter_blurhash:
    dependency: transitive
    description:
      name: flutter_blurhash
      sha256: "339d896c432b8d10d558620cc1614757f8f723b208eebde84531c620928a9230"
      url: "https://pub.dev"
    source: hosted
    version: "0.5.0"
  flutter_cache_manager:
    dependency: "direct main"
    description:
      name: flutter_cache_manager
      sha256: "79cc27e0d57a0b9bf317f96d99d8cea50dd5a8829f273dd80bda4b42cedf7eea"
      url: "https://pub.dev"
    source: hosted
    version: "1.4.2"
  flutter_displaymode:
    dependency: "direct main"
    description:
      name: flutter_displaymode
      sha256: "42c5e9abd13d28ed74f701b60529d7f8416947e58256e6659c5550db719c57ef"
      url: "https://pub.dev"
    source: hosted
    version: "0.6.0"
  flutter_inappwebview:
    dependency: "direct main"
    description:
      name: flutter_inappwebview
      sha256: d198297060d116b94048301ee6749cd2e7d03c1f2689783f52d210a6b7aba350
      url: "https://pub.dev"
    source: hosted
    version: "5.8.0"
  flutter_isolate:
    dependency: transitive
    description:
      name: flutter_isolate
      sha256: "8b24a54fd7b5ea6798cc7477ce7947a5d239f02e97dc73e322b94c94502a63b2"
      url: "https://pub.dev"
    source: hosted
    version: "1.0.0+15"
  flutter_local_notifications:
    dependency: "direct main"
    description:
      name: flutter_local_notifications
      sha256: "27854d92d880ac46e771a79c3998da7532003ebbbc2c02efc15cd36cb91de971"
      url: "https://pub.dev"
    source: hosted
    version: "4.0.1+2"
  flutter_local_notifications_platform_interface:
    dependency: transitive
    description:
      name: flutter_local_notifications_platform_interface
      sha256: "0c75bc78c2ec6182ecc667d0d984f438a59e25c11c562167f9031a1957c3e8bb"
      url: "https://pub.dev"
    source: hosted
    version: "2.0.0+1"
  flutter_localizations:
    dependency: "direct main"
    description: flutter
    source: sdk
    version: "0.0.0"
  flutter_material_color_picker:
    dependency: "direct main"
    description:
      name: flutter_material_color_picker
      sha256: "64432c3b13bbcc6f428bae9d2e75b1b3da1e6f3219979e08a3bd9f176781d9f2"
      url: "https://pub.dev"
    source: hosted
    version: "1.1.0+2"
  flutter_screenutil:
    dependency: "direct main"
    description:
      name: flutter_screenutil
      sha256: "9a93fb076ca2a35a954ac5820283b18b98108cff4654ffbfe2586f4f4cd4ec9c"
      url: "https://pub.dev"
    source: hosted
    version: "2.3.1"
  flutter_test:
    dependency: "direct dev"
    description: flutter
    source: sdk
    version: "0.0.0"
  flutter_web_plugins:
    dependency: transitive
    description: flutter
    source: sdk
    version: "0.0.0"
  fluttericon:
    dependency: "direct main"
    description:
      name: fluttericon
      sha256: "252fa8043826e93d972a602497a260cb3d62b5aea6d045793e4381590f2c1e99"
      url: "https://pub.dev"
    source: hosted
    version: "2.0.0"
  fluttertoast:
    dependency: "direct main"
    description:
      name: fluttertoast
      sha256: "81b68579e23fcbcada2db3d50302813d2371664afe6165bc78148050ab94bf66"
      url: "https://pub.dev"
    source: hosted
    version: "8.2.5"
  glob:
    dependency: transitive
    description:
      name: glob
      sha256: "0e7014b3b7d4dac1ca4d6114f82bf1782ee86745b9b42a92c9289c23d8a0ab63"
      url: "https://pub.dev"
    source: hosted
    version: "2.1.2"
  google_fonts:
    dependency: "direct main"
    description:
      name: google_fonts
      sha256: fef0a13852ef800c53188b35d559378f445d8cfab24d9c88830eb88e14840900
      url: "https://pub.dev"
    source: hosted
    version: "1.1.2"
  graphs:
    dependency: transitive
    description:
      name: graphs
      sha256: db4e50f399d69bf7349d4e99e8dabd74fad51c0574f36b8d3613ef465715af52
      url: "https://pub.dev"
    source: hosted
    version: "0.2.0"
  html:
    dependency: "direct main"
    description:
      name: html
      sha256: "3a7812d5bcd2894edf53dfaf8cd640876cf6cef50a8f238745c8b8120ea74d3a"
      url: "https://pub.dev"
    source: hosted
    version: "0.15.4"
  http:
    dependency: "direct main"
    description:
      name: http
      sha256: "411262398b34f52b9baac4860a1aa6e4779037ba9289c19b4cd16928efa97a2b"
      url: "https://pub.dev"
    source: hosted
    version: "0.12.2"
  http_multi_server:
    dependency: transitive
    description:
      name: http_multi_server
      sha256: "90daef58b775dc37bc409f4053763503f6544f6af7c910d2c2a7f1946554e5e5"
      url: "https://pub.dev"
    source: hosted
    version: "2.2.0"
  http_parser:
    dependency: transitive
    description:
      name: http_parser
      sha256: "9d2b0626e9e402fc98e6868360da8f256064d6c0b8e4c3edcca5e02fb0b95da9"
      url: "https://pub.dev"
    source: hosted
    version: "3.1.4"
  i18n_extension:
    dependency: "direct main"
    description:
      name: i18n_extension
      sha256: cd25e5f648ad01364755faedc6d7bb1217201e8da954ec308d9abac4fd150efe
      url: "https://pub.dev"
    source: hosted
    version: "8.0.0"
  infinite_listview:
    dependency: transitive
    description:
      name: infinite_listview
      sha256: f6062c1720eb59be553dfa6b89813d3e8dd2f054538445aaa5edaddfa5195ce6
      url: "https://pub.dev"
    source: hosted
    version: "1.1.0"
  intl:
    dependency: "direct main"
    description:
      name: intl
      sha256: "910f85bce16fb5c6f614e117efa303e85a1731bb0081edf3604a2ae6e9a3cc91"
      url: "https://pub.dev"
    source: hosted
    version: "0.17.0"
  io:
    dependency: transitive
    description:
      name: io
      sha256: "9148a33dc8fa396d4fc434625fa606744fa42b2e8dfff5ce5609938cd01aecea"
      url: "https://pub.dev"
    source: hosted
    version: "0.3.5"
  js:
    dependency: transitive
    description:
      name: js
      sha256: "5528c2f391ededb7775ec1daa69e65a2d61276f7552de2b5f7b8d34ee9fd4ab7"
      url: "https://pub.dev"
    source: hosted
    version: "0.6.5"
  json_annotation:
    dependency: "direct main"
    description:
      name: json_annotation
      sha256: "6cec7404b25d6338c8cb7b30131cd6c760079a4ec1fa7846c55bdda91f9d2819"
      url: "https://pub.dev"
    source: hosted
    version: "3.1.1"
  json_serializable:
    dependency: "direct dev"
    description:
      name: json_serializable
      sha256: "0f9e72745b7a48d2751e4913f81f423525d97657c4bf3e0983d9af989771bf71"
      url: "https://pub.dev"
    source: hosted
    version: "3.5.2"
  just_audio:
    dependency: "direct main"
    description:
      path: "just_audio/just_audio"
      relative: true
    source: path
    version: "0.6.5"
  just_audio_platform_interface:
    dependency: transitive
    description:
      path: "just_audio/just_audio_platform_interface"
      relative: true
    source: path
    version: "2.0.0"
  just_audio_web:
    dependency: transitive
    description:
      path: "just_audio/just_audio_web"
      relative: true
    source: path
    version: "0.2.1"
  logging:
    dependency: transitive
    description:
      name: logging
      sha256: "623a88c9594aa774443aa3eb2d41807a48486b5613e67599fb4c41c0ad47c340"
      url: "https://pub.dev"
    source: hosted
    version: "1.2.0"
  marquee:
    dependency: "direct main"
    description:
      name: marquee
      sha256: "4b5243d2804373bdc25fc93d42c3b402d6ec1f4ee8d0bb72276edd04ae7addb8"
      url: "https://pub.dev"
    source: hosted
    version: "2.2.3"
  matcher:
    dependency: transitive
    description:
      name: matcher
      sha256: "16db949ceee371e9b99d22f88fa3a73c4e59fd0afed0bd25fc336eb76c198b72"
      url: "https://pub.dev"
    source: hosted
    version: "0.12.13"
  material_color_utilities:
    dependency: transitive
    description:
      name: material_color_utilities
      sha256: d92141dc6fe1dad30722f9aa826c7fbc896d021d792f80678280601aff8cf724
      url: "https://pub.dev"
    source: hosted
    version: "0.2.0"
  meta:
    dependency: transitive
    description:
      name: meta
      sha256: "6c268b42ed578a53088d834796959e4a1814b5e9e164f147f580a386e5decf42"
      url: "https://pub.dev"
    source: hosted
    version: "1.8.0"
  mime:
    dependency: transitive
    description:
      name: mime
      sha256: e4ff8e8564c03f255408decd16e7899da1733852a9110a58fe6d1b817684a63e
      url: "https://pub.dev"
    source: hosted
    version: "1.0.4"
  move_to_background:
    dependency: "direct main"
    description:
      name: move_to_background
      sha256: "00caad17a6ce149910777131503f43f8ed80025681f94684e3a6a87d979b914c"
      url: "https://pub.dev"
    source: hosted
    version: "1.0.2"
  numberpicker:
    dependency: "direct main"
    description:
      name: numberpicker
      sha256: a00e2c3ed09dc93151fa307b7ae53bfeaf649c2f96676b57ca75678c08e19a91
      url: "https://pub.dev"
    source: hosted
    version: "1.3.0"
  oauth2:
    dependency: transitive
    description:
      name: oauth2
      sha256: "4e3d1e2b9f9b5848d4090a6383bd067d22eae7e2563f6a182bab26bee83734d6"
      url: "https://pub.dev"
    source: hosted
    version: "1.6.3"
  octo_image:
    dependency: transitive
    description:
      name: octo_image
      sha256: a261b7ac13f1129286e07206264f0df66d233f9aac3381566e09a5c0dfc30652
      url: "https://pub.dev"
    source: hosted
    version: "0.3.0"
  open_file:
    dependency: "direct main"
    description:
      name: open_file
      sha256: a5a32d44acb7c899987d0999e1e3cbb0a0f1adebbf41ac813ec6d2d8faa0af20
      url: "https://pub.dev"
    source: hosted
    version: "3.3.2"
  package_config:
    dependency: transitive
    description:
      name: package_config
      sha256: "08b3acb5f8c9736aaf26776864ea68441bb69a82d900cbce47cd962b3ddb12c9"
      url: "https://pub.dev"
    source: hosted
    version: "1.9.3"
  package_info:
    dependency: "direct main"
    description:
      name: package_info
      sha256: "6c07d9d82c69e16afeeeeb6866fe43985a20b3b50df243091bfc4a4ad2b03b75"
      url: "https://pub.dev"
    source: hosted
    version: "2.0.2"
  palette_generator:
    dependency: "direct main"
    description:
      name: palette_generator
      sha256: eb7082b4b97487ebc65b3ad3f6f0b7489b96e76840381ed0e06a46fe7ffd4068
      url: "https://pub.dev"
    source: hosted
    version: "0.3.3+3"
  path:
    dependency: "direct main"
    description:
      name: path
      sha256: db9d4f58c908a4ba5953fcee2ae317c94889433e5024c27ce74a37f94267945b
      url: "https://pub.dev"
    source: hosted
    version: "1.8.2"
  path_provider:
    dependency: "direct main"
    description:
      name: path_provider
      sha256: "7b83037397771f3f6d520dccb0da86a5220ba279603afd87662d06482b569ea4"
      url: "https://pub.dev"
    source: hosted
    version: "1.6.14"
  path_provider_linux:
    dependency: transitive
    description:
      name: path_provider_linux
      sha256: "739b008776d4377ef8945db2d6f42d17ad7a280f0d0cdf961de26a69ea3964e5"
      url: "https://pub.dev"
    source: hosted
    version: "0.0.1+2"
  path_provider_macos:
    dependency: transitive
    description:
      name: path_provider_macos
      sha256: "4dd2f608f51cb62c1e76c4434c89cc98c010345d315e79d8cb4f41ebcac3c119"
      url: "https://pub.dev"
    source: hosted
    version: "0.0.4+8"
  path_provider_platform_interface:
    dependency: transitive
    description:
      name: path_provider_platform_interface
      sha256: e06b2d369e0eb863cf0c4876d0fb6943846876f7e51b2752059a5c6b05bf5354
      url: "https://pub.dev"
    source: hosted
    version: "1.0.4"
  pedantic:
    dependency: transitive
    description:
      name: pedantic
      sha256: "67fc27ed9639506c856c840ccce7594d0bdcd91bc8d53d6e52359449a1d50602"
      url: "https://pub.dev"
    source: hosted
    version: "1.11.1"
  permission_handler:
    dependency: "direct main"
    description:
      name: permission_handler
      sha256: fb4666087528b1cbf91d98771cf50b14f36f4d8756ec7e7a8629dd3cb55442b7
      url: "https://pub.dev"
    source: hosted
    version: "5.1.0+2"
  permission_handler_platform_interface:
    dependency: transitive
    description:
      name: permission_handler_platform_interface
      sha256: f7e3c798f7c4dd215e4ca8843695b3a63a5b79c9aa04f296d316f13a15d518ba
      url: "https://pub.dev"
    source: hosted
    version: "2.0.2"
  petitparser:
    dependency: transitive
    description:
      name: petitparser
      sha256: fe07f9345bf03ff0c881d1f5494e20cc40206780ca5dea86aab8037cb49af5f2
      url: "https://pub.dev"
    source: hosted
    version: "3.1.0"
  photo_view:
    dependency: "direct main"
    description:
      name: photo_view
      sha256: "1fc3d970a91295fbd1364296575f854c9863f225505c28c46e0a03e48960c75e"
      url: "https://pub.dev"
    source: hosted
    version: "0.15.0"
  platform:
    dependency: transitive
    description:
      name: platform
      sha256: "0a279f0707af40c890e80b1e9df8bb761694c074ba7e1d4ab1bc4b728e200b59"
      url: "https://pub.dev"
    source: hosted
    version: "3.1.3"
  plugin_platform_interface:
    dependency: transitive
    description:
      name: plugin_platform_interface
      sha256: c3ebbff365bfb1b5f7b690c9857d2dabea167f35b05eb7586186499b407efb37
      url: "https://pub.dev"
    source: hosted
    version: "1.0.3"
  pool:
    dependency: transitive
    description:
      name: pool
      sha256: "20fe868b6314b322ea036ba325e6fc0711a22948856475e2c2b6306e8ab39c2a"
      url: "https://pub.dev"
    source: hosted
    version: "1.5.1"
  process:
    dependency: transitive
    description:
      name: process
      sha256: "53fd8db9cec1d37b0574e12f07520d582019cb6c44abf5479a01505099a34a09"
      url: "https://pub.dev"
    source: hosted
    version: "4.2.4"
  pub_semver:
    dependency: transitive
    description:
      name: pub_semver
      sha256: "40d3ab1bbd474c4c2328c91e3a7df8c6dd629b79ece4c4bd04bee496a224fb0c"
      url: "https://pub.dev"
    source: hosted
    version: "2.1.4"
  pubspec_parse:
    dependency: transitive
    description:
      name: pubspec_parse
      sha256: d65b4c44175a6882692fae384be22c3eed8b9235bb758d8984b11fec55848b8c
      url: "https://pub.dev"
    source: hosted
    version: "0.1.8"
  quick_actions:
    dependency: "direct main"
    description:
      name: quick_actions
      sha256: a3d493005ff8f862aee907dc45e57afeccd8bbd6b4531770b5baf62586703a08
      url: "https://pub.dev"
    source: hosted
    version: "0.5.0+1"
  quiver:
    dependency: transitive
    description:
      name: quiver
      sha256: e83f7ad1e6375da1400b54eea8793bba804d1731d68c5694490bf9296cd3ca24
      url: "https://pub.dev"
    source: hosted
    version: "2.1.5"
  random_string:
    dependency: "direct main"
    description:
      name: random_string
      sha256: "03b52435aae8cbdd1056cf91bfc5bf845e9706724dd35ae2e99fa14a1ef79d02"
      url: "https://pub.dev"
    source: hosted
    version: "2.3.1"
  rxdart:
    dependency: transitive
    description:
      name: rxdart
      sha256: "0beed4211050b09650da49fedc3a18dedf8601ba8ce041d7ce06db73cb2aa97e"
      url: "https://pub.dev"
    source: hosted
    version: "0.24.1"
  scrobblenaut:
    dependency: "direct main"
    description:
      name: scrobblenaut
      sha256: e8945329ba1efb9c0fc34a25ba2abf46eb722afaf4d4ec66b0e4565dc8e66f48
      url: "https://pub.dev"
    source: hosted
    version: "2.0.5"
  share:
    dependency: "direct main"
    description:
      name: share
      sha256: "97e6403f564ed1051a01534c2fc919cb6e40ea55e60a18ec23cee6e0ce19f4be"
      url: "https://pub.dev"
    source: hosted
    version: "2.0.4"
  shelf:
    dependency: transitive
    description:
      name: shelf
      sha256: d16d1197f877e814f767be03c1c5940a397ae0ddb46dcfb9b5465074bb80ee37
      url: "https://pub.dev"
    source: hosted
    version: "0.7.9"
  shelf_web_socket:
    dependency: transitive
    description:
      name: shelf_web_socket
      sha256: "2a300f6dd3d4a6d41941eef97920671ecd250712ce1275bf60110997691b20d1"
      url: "https://pub.dev"
    source: hosted
    version: "0.2.4+1"
  sky_engine:
    dependency: transitive
    description: flutter
    source: sdk
    version: "0.0.99"
  source_gen:
    dependency: transitive
    description:
      name: source_gen
      sha256: "0359bf4f1c924ccacb89594b0e077d524a5ced4f39f138a4f3099f0915674a13"
      url: "https://pub.dev"
    source: hosted
    version: "0.9.10+3"
  source_span:
    dependency: transitive
    description:
      name: source_span
      sha256: dd904f795d4b4f3b870833847c461801f6750a9fa8e61ea5ac53f9422b31f250
      url: "https://pub.dev"
    source: hosted
    version: "1.9.1"
  spotify:
    dependency: "direct main"
    description:
      name: spotify
      sha256: "1e1c34b49e61ab725e1667302096e49b7dcf473b212fd780d72289fe01d8f7ad"
      url: "https://pub.dev"
    source: hosted
    version: "0.5.1"
  sprintf:
    dependency: transitive
    description:
      name: sprintf
      sha256: "1fc9ffe69d4df602376b52949af107d8f5703b77cda567c4d7d86a0693120f23"
      url: "https://pub.dev"
    source: hosted
    version: "7.0.0"
  sqflite:
    dependency: "direct main"
    description:
      name: sqflite
      sha256: "00f32a183fd9410b7d221a5106fec2cfc34b72d15ce694ee4da9c12e235cc2a4"
      url: "https://pub.dev"
    source: hosted
    version: "1.3.2+4"
  sqflite_common:
    dependency: transitive
    description:
      name: sqflite_common
      sha256: cd2c3caf1cdfd79bbf5787e3a95983e43d19584784df2e6dd1863673497a791f
      url: "https://pub.dev"
    source: hosted
    version: "1.0.3+3"
  stack_trace:
    dependency: transitive
    description:
      name: stack_trace
      sha256: c3c7d8edb15bee7f0f74debd4b9c5f3c2ea86766fe4178eb2a18eb30a0bdaed5
      url: "https://pub.dev"
    source: hosted
    version: "1.11.0"
  stream_channel:
    dependency: transitive
    description:
      name: stream_channel
      sha256: "83615bee9045c1d322bbbd1ba209b7a749c2cbcdcb3fdd1df8eb488b3279c1c8"
      url: "https://pub.dev"
    source: hosted
    version: "2.1.1"
  stream_transform:
    dependency: transitive
    description:
      name: stream_transform
      sha256: "14a00e794c7c11aa145a170587321aedce29769c08d7f58b1d141da75e3b1c6f"
      url: "https://pub.dev"
    source: hosted
    version: "2.1.0"
  string_scanner:
    dependency: transitive
    description:
      name: string_scanner
      sha256: "556692adab6cfa87322a115640c11f13cb77b3f076ddcc5d6ae3c20242bedcde"
      url: "https://pub.dev"
    source: hosted
    version: "1.2.0"
  synchronized:
    dependency: transitive
    description:
      name: synchronized
      sha256: "294228ee6183405c4053a60e8b47c22956da37c92fd410c89ddf0279c188f735"
      url: "https://pub.dev"
    source: hosted
    version: "2.2.0+2"
  term_glyph:
    dependency: transitive
    description:
      name: term_glyph
      sha256: a29248a84fbb7c79282b40b8c72a1209db169a2e0542bce341da992fe1bc7e84
      url: "https://pub.dev"
    source: hosted
    version: "1.2.1"
  test_api:
    dependency: transitive
    description:
      name: test_api
      sha256: ad540f65f92caa91bf21dfc8ffb8c589d6e4dc0c2267818b4cc2792857706206
      url: "https://pub.dev"
    source: hosted
    version: "0.4.16"
  timezone:
    dependency: transitive
    description:
      name: timezone
      sha256: f0697af725678a8e0c8dfb17ef282a0e26c25304b43ef3512618384da1ca7e4b
      url: "https://pub.dev"
    source: hosted
    version: "0.6.1"
  timing:
    dependency: transitive
    description:
      name: timing
      sha256: "3f88d1d53e39741b541633abb7adf9eaf0efbd418dddcfd71a9ed1561ce2e811"
      url: "https://pub.dev"
    source: hosted
    version: "0.1.1+3"
  typed_data:
    dependency: transitive
    description:
      name: typed_data
      sha256: facc8d6582f16042dd49f2463ff1bd6e2c9ef9f3d5da3d9b087e244a7b564b3c
      url: "https://pub.dev"
    source: hosted
    version: "1.3.2"
  uni_links:
    dependency: "direct main"
    description:
      name: uni_links
      sha256: "074c3806e4ef5295f4c6668f097e12765cfacaed517089463f4a240a38c4d3ac"
      url: "https://pub.dev"
    source: hosted
    version: "0.4.0"
  universal_io:
    dependency: transitive
    description:
      name: universal_io
      sha256: "22c5875f15a25dd8b916566757589dff6c44bd355dcfc0f2e376d9bab7f9e8db"
      url: "https://pub.dev"
    source: hosted
    version: "1.0.2"
  url_launcher:
    dependency: "direct main"
    description:
      name: url_launcher
      sha256: bd0c1c94d7090f1c86db4e693399385f82fde14bcf472dc7de846f4f7948652d
      url: "https://pub.dev"
    source: hosted
    version: "6.0.5"
  url_launcher_linux:
    dependency: transitive
    description:
      name: url_launcher_linux
      sha256: ae3c5ce30a1ba0a69c3f8803b23450703cf915575ad591857df98d9c15c11018
      url: "https://pub.dev"
    source: hosted
    version: "2.0.3"
  url_launcher_macos:
    dependency: transitive
    description:
      name: url_launcher_macos
      sha256: "8fd9ae3ab5e0f96cea7dd66c4ea65e39e3477067f4997c1ec8225d553e8bb8ea"
      url: "https://pub.dev"
    source: hosted
    version: "2.0.3"
  url_launcher_platform_interface:
    dependency: transitive
    description:
      name: url_launcher_platform_interface
      sha256: be46294de4b963e3dc442dd207f82225bea5a802b9676b20d2ceca3f9dd3508f
      url: "https://pub.dev"
    source: hosted
    version: "2.0.1"
  url_launcher_web:
    dependency: transitive
    description:
      name: url_launcher_web
      sha256: "15fd9dbb306d5efce57dcf62dcb1ae045fbf74079ab4464a950e099bf5800deb"
      url: "https://pub.dev"
    source: hosted
    version: "2.0.12"
  url_launcher_windows:
    dependency: transitive
    description:
      name: url_launcher_windows
      sha256: "4e24aac2a2960fb9a70a07992e1ba69cb99fbcee48fdf17abe280ce867bfcea2"
      url: "https://pub.dev"
    source: hosted
    version: "2.0.2"
  uuid:
    dependency: transitive
    description:
      name: uuid
      sha256: bd96a5d86e807b44cac699f9735ef29d1e3354a96f4b2f7152000bae4c6d81b0
      url: "https://pub.dev"
    source: hosted
    version: "2.2.2"
  vector_math:
    dependency: transitive
    description:
      name: vector_math
      sha256: "80b3257d1492ce4d091729e3a67a60407d227c27241d6927be0130c98e741803"
      url: "https://pub.dev"
    source: hosted
    version: "2.1.4"
  version:
    dependency: "direct main"
    description:
      name: version
      sha256: "3d4140128e6ea10d83da32fef2fa4003fccbf6852217bb854845802f04191f94"
      url: "https://pub.dev"
    source: hosted
    version: "3.0.2"
  wakelock:
    dependency: "direct main"
    description:
      name: wakelock
      sha256: "769ecf42eb2d07128407b50cb93d7c10bd2ee48f0276ef0119db1d25cc2f87db"
      url: "https://pub.dev"
    source: hosted
    version: "0.6.2"
  wakelock_macos:
    dependency: transitive
    description:
      name: wakelock_macos
      sha256: "047c6be2f88cb6b76d02553bca5a3a3b95323b15d30867eca53a19a0a319d4cd"
      url: "https://pub.dev"
    source: hosted
    version: "0.4.0"
  wakelock_platform_interface:
    dependency: transitive
    description:
      name: wakelock_platform_interface
      sha256: "1f4aeb81fb592b863da83d2d0f7b8196067451e4df91046c26b54a403f9de621"
      url: "https://pub.dev"
    source: hosted
    version: "0.3.0"
  wakelock_web:
    dependency: transitive
    description:
      name: wakelock_web
      sha256: "1b256b811ee3f0834888efddfe03da8d18d0819317f20f6193e2922b41a501b5"
      url: "https://pub.dev"
    source: hosted
    version: "0.4.0"
  wakelock_windows:
    dependency: transitive
    description:
      name: wakelock_windows
      sha256: "857f77b3fe6ae82dd045455baa626bc4b93cb9bb6c86bf3f27c182167c3a5567"
      url: "https://pub.dev"
    source: hosted
    version: "0.2.1"
  watcher:
    dependency: transitive
    description:
      name: watcher
      sha256: "6a7f46926b01ce81bfc339da6a7f20afbe7733eff9846f6d6a5466aa4c6667c0"
      url: "https://pub.dev"
    source: hosted
    version: "1.0.2"
  web_socket_channel:
    dependency: transitive
    description:
      name: web_socket_channel
      sha256: bfd93faab893a64920903d7d375517c18789c21e4c7daa5232a31ee126b7fea1
      url: "https://pub.dev"
    source: hosted
    version: "1.2.0"
  win32:
    dependency: transitive
    description:
      name: win32
      sha256: a6f0236dbda0f63aa9a25ad1ff9a9d8a4eaaa5012da0dc59d21afdb1dc361ca4
      url: "https://pub.dev"
    source: hosted
    version: "3.1.4"
  xdg_directories:
    dependency: transitive
    description:
      name: xdg_directories
      sha256: "864af550b70b87218770f8d7efd2814c38a3d6cf7103f245cc5413da0df3aee2"
      url: "https://pub.dev"
    source: hosted
    version: "0.1.2"
  xml:
    dependency: transitive
    description:
      name: xml
      sha256: "4c4262c7dcf7b66fa8743cdfd37ccac03d6d50d3de4084b1a528de3107540752"
      url: "https://pub.dev"
    source: hosted
    version: "4.5.1"
  yaml:
    dependency: transitive
    description:
      name: yaml
      sha256: "75769501ea3489fca56601ff33454fe45507ea3bfb014161abc3b43ae25989d5"
      url: "https://pub.dev"
    source: hosted
    version: "3.1.2"
  zone_local:
    dependency: transitive
    description:
      name: zone_local
      sha256: "279d9c80cc92347a0e08b42fca48a56c0c609c37a43467b01a49f07a25f869e5"
      url: "https://pub.dev"
    source: hosted
    version: "0.1.2"
sdks:
  dart: ">=2.19.0 <3.0.0"
  flutter: ">=3.7.0"
